
Microsoft Visual Studio Solution File, Format Version 12.00
# Visual Studio 2013
VisualStudioVersion = 12.0.31101.0
MinimumVisualStudioVersion = 10.0.40219.1
Project("{FAE04EC0-301F-11D3-BF4B-00C04F79EFBC}") = "IbrightDriveAutomation", "IbrightDriveAutomation\IbrightDriveAutomation.csproj", "{AC97AD16-862A-4520-84AC-4184B591BD47}"
EndProject
Project("{FAE04EC0-301F-11D3-BF4B-00C04F79EFBC}") = "IbrightDriveTests", "IbrightDriveTests\IbrightDriveTests.csproj", "{6E663618-B0E8-47A9-ABC3-BA4F1E072FDA}"
EndProject
Global
	GlobalSection(SolutionConfigurationPlatforms) = preSolution
		Debug|Any CPU = Debug|Any CPU
		Release|Any CPU = Release|Any CPU
	EndGlobalSection
	GlobalSection(ProjectConfigurationPlatforms) = postSolution
		{AC97AD16-862A-4520-84AC-4184B591BD47}.Debug|Any CPU.ActiveCfg = Debug|Any CPU
		{AC97AD16-862A-4520-84AC-4184B591BD47}.Debug|Any CPU.Build.0 = Debug|Any CPU
		{AC97AD16-862A-4520-84AC-4184B591BD47}.Release|Any CPU.ActiveCfg = Release|Any CPU
		{AC97AD16-862A-4520-84AC-4184B591BD47}.Release|Any CPU.Build.0 = Release|Any CPU
		{6E663618-B0E8-47A9-ABC3-BA4F1E072FDA}.Debug|Any CPU.ActiveCfg = Debug|Any CPU
		{6E663618-B0E8-47A9-ABC3-BA4F1E072FDA}.Debug|Any CPU.Build.0 = Debug|Any CPU
		{6E663618-B0E8-47A9-ABC3-BA4F1E072FDA}.Release|Any CPU.ActiveCfg = Release|Any CPU
		{6E663618-B0E8-47A9-ABC3-BA4F1E072FDA}.Release|Any CPU.Build.0 = Release|Any CPU
	EndGlobalSection
	GlobalSection(SolutionProperties) = preSolution
		HideSolutionNode = FALSE
	EndGlobalSection
EndGlobal
